
Microsoft Visual Studio Solution File, Format Version 12.00
# Visual Studio 15
VisualStudioVersion = 15.0.27428.2037
MinimumVisualStudioVersion = 10.0.40219.1
Project("{FAE04EC0-301F-11D3-BF4B-00C04F79EFBC}") = "WindowsFormsApp7", "WindowsFormsApp7\WindowsFormsApp7.csproj", "{81947342-A895-47B7-A94D-4A6D7D98DD0D}"
EndProject
Global
	GlobalSection(SolutionConfigurationPlatforms) = preSolution
		Debug|Any CPU = Debug|Any CPU
		Release|Any CPU = Release|Any CPU
	EndGlobalSection
	GlobalSection(ProjectConfigurationPlatforms) = postSolution
		{81947342-A895-47B7-A94D-4A6D7D98DD0D}.Debug|Any CPU.ActiveCfg = Debug|Any CPU
		{81947342-A895-47B7-A94D-4A6D7D98DD0D}.Debug|Any CPU.Build.0 = Debug|Any CPU
		{81947342-A895-47B7-A94D-4A6D7D98DD0D}.Release|Any CPU.ActiveCfg = Release|Any CPU
		{81947342-A895-47B7-A94D-4A6D7D98DD0D}.Release|Any CPU.Build.0 = Release|Any CPU
	EndGlobalSection
	GlobalSection(SolutionProperties) = preSolution
		HideSolutionNode = FALSE
	EndGlobalSection
	GlobalSection(ExtensibilityGlobals) = postSolution
		SolutionGuid = {B378C868-2926-4D1A-B768-4FFD52AC6EBF}
	EndGlobalSection
EndGlobal
